// !$*UTF8*$!
{
	archiveVersion = 1;
	classes = {
	};
	objectVersion = 56;
	objects = {

/* Begin PBXBuildFile section */
		4908F7A429141D7B00C1E85E /* SDWebImage in Frameworks */ = {isa = PBXBuildFile; productRef = 4908F7A329141D7B00C1E85E /* SDWebImage */; };
		4908F7A629141D7B00C1E85E /* SDWebImageMapKit in Frameworks */ = {isa = PBXBuildFile; productRef = 4908F7A529141D7B00C1E85E /* SDWebImageMapKit */; };
		4908F7A92914748400C1E85E /* APICaller.swift in Sources */ = {isa = PBXBuildFile; fileRef = 4908F7A82914748400C1E85E /* APICaller.swift */; };
		4908F7AC291475D200C1E85E /* APIKeyable.swift in Sources */ = {isa = PBXBuildFile; fileRef = 4908F7AB291475D200C1E85E /* APIKeyable.swift */; };
		4908F7AE2914763300C1E85E /* PROD-Keys.plist in Resources */ = {isa = PBXBuildFile; fileRef = 4908F7AD2914763300C1E85E /* PROD-Keys.plist */; };
		4908F7B02914764B00C1E85E /* DEBUG-Keys.plist in Resources */ = {isa = PBXBuildFile; fileRef = 4908F7AF2914764B00C1E85E /* DEBUG-Keys.plist */; };
		4908F7B229147B8800C1E85E /* CategoryResponse.swift in Sources */ = {isa = PBXBuildFile; fileRef = 4908F7B129147B8800C1E85E /* CategoryResponse.swift */; };
		494C919028EE555600CD747B /* AppDelegate.swift in Sources */ = {isa = PBXBuildFile; fileRef = 494C918F28EE555600CD747B /* AppDelegate.swift */; };
		494C919228EE555600CD747B /* SceneDelegate.swift in Sources */ = {isa = PBXBuildFile; fileRef = 494C919128EE555600CD747B /* SceneDelegate.swift */; };
		494C919428EE555600CD747B /* HomeViewController.swift in Sources */ = {isa = PBXBuildFile; fileRef = 494C919328EE555600CD747B /* HomeViewController.swift */; };
		494C919928EE555800CD747B /* Assets.xcassets in Resources */ = {isa = PBXBuildFile; fileRef = 494C919828EE555800CD747B /* Assets.xcassets */; };
		494C919C28EE555800CD747B /* LaunchScreen.storyboard in Resources */ = {isa = PBXBuildFile; fileRef = 494C919A28EE555800CD747B /* LaunchScreen.storyboard */; };
		494C91A728EE555900CD747B /* cinema_appTests.swift in Sources */ = {isa = PBXBuildFile; fileRef = 494C91A628EE555900CD747B /* cinema_appTests.swift */; };
		494C91B128EE555900CD747B /* cinema_appUITests.swift in Sources */ = {isa = PBXBuildFile; fileRef = 494C91B028EE555900CD747B /* cinema_appUITests.swift */; };
		494C91B328EE555900CD747B /* cinema_appUITestsLaunchTests.swift in Sources */ = {isa = PBXBuildFile; fileRef = 494C91B228EE555900CD747B /* cinema_appUITestsLaunchTests.swift */; };
		49E873D92908F1D700233AB4 /* CollectionViewTableViewCell.swift in Sources */ = {isa = PBXBuildFile; fileRef = 49E873D82908F1D700233AB4 /* CollectionViewTableViewCell.swift */; };
		49E873DC2908F46900233AB4 /* ForYouFooterView.swift in Sources */ = {isa = PBXBuildFile; fileRef = 49E873DA2908F46900233AB4 /* ForYouFooterView.swift */; };
		49E873DF2908FC1E00233AB4 /* UIViewExtension.swift in Sources */ = {isa = PBXBuildFile; fileRef = 49E873DE2908FC1E00233AB4 /* UIViewExtension.swift */; };
		49F3791A2909877E0013F182 /* FooterView.xib in Resources */ = {isa = PBXBuildFile; fileRef = 49F379192909877E0013F182 /* FooterView.xib */; };
/* End PBXBuildFile section */

/* Begin PBXContainerItemProxy section */
		494C91A328EE555900CD747B /* PBXContainerItemProxy */ = {
			isa = PBXContainerItemProxy;
			containerPortal = 494C918428EE555600CD747B /* Project object */;
			proxyType = 1;
			remoteGlobalIDString = 494C918B28EE555600CD747B;
			remoteInfo = "cinema-app";
		};
		494C91AD28EE555900CD747B /* PBXContainerItemProxy */ = {
			isa = PBXContainerItemProxy;
			containerPortal = 494C918428EE555600CD747B /* Project object */;
			proxyType = 1;
			remoteGlobalIDString = 494C918B28EE555600CD747B;
			remoteInfo = "cinema-app";
		};
/* End PBXContainerItemProxy section */

/* Begin PBXFileReference section */
		4908F7A82914748400C1E85E /* APICaller.swift */ = {isa = PBXFileReference; lastKnownFileType = sourcecode.swift; path = APICaller.swift; sourceTree = "<group>"; };
		4908F7AB291475D200C1E85E /* APIKeyable.swift */ = {isa = PBXFileReference; lastKnownFileType = sourcecode.swift; path = APIKeyable.swift; sourceTree = "<group>"; };
		4908F7AD2914763300C1E85E /* PROD-Keys.plist */ = {isa = PBXFileReference; lastKnownFileType = text.plist.xml; path = "PROD-Keys.plist"; sourceTree = "<group>"; };
		4908F7AF2914764B00C1E85E /* DEBUG-Keys.plist */ = {isa = PBXFileReference; lastKnownFileType = text.plist.xml; path = "DEBUG-Keys.plist"; sourceTree = "<group>"; };
		4908F7B129147B8800C1E85E /* CategoryResponse.swift */ = {isa = PBXFileReference; lastKnownFileType = sourcecode.swift; path = CategoryResponse.swift; sourceTree = "<group>"; };
		494C918C28EE555600CD747B /* cinema-app.app */ = {isa = PBXFileReference; explicitFileType = wrapper.application; includeInIndex = 0; path = "cinema-app.app"; sourceTree = BUILT_PRODUCTS_DIR; };
		494C918F28EE555600CD747B /* AppDelegate.swift */ = {isa = PBXFileReference; lastKnownFileType = sourcecode.swift; path = AppDelegate.swift; sourceTree = "<group>"; };
		494C919128EE555600CD747B /* SceneDelegate.swift */ = {isa = PBXFileReference; lastKnownFileType = sourcecode.swift; path = SceneDelegate.swift; sourceTree = "<group>"; };
		494C919328EE555600CD747B /* HomeViewController.swift */ = {isa = PBXFileReference; lastKnownFileType = sourcecode.swift; path = HomeViewController.swift; sourceTree = "<group>"; };
		494C919828EE555800CD747B /* Assets.xcassets */ = {isa = PBXFileReference; lastKnownFileType = folder.assetcatalog; path = Assets.xcassets; sourceTree = "<group>"; };
		494C919B28EE555800CD747B /* Base */ = {isa = PBXFileReference; lastKnownFileType = file.storyboard; name = Base; path = Base.lproj/LaunchScreen.storyboard; sourceTree = "<group>"; };
		494C919D28EE555800CD747B /* Info.plist */ = {isa = PBXFileReference; lastKnownFileType = text.plist.xml; path = Info.plist; sourceTree = "<group>"; };
		494C91A228EE555900CD747B /* cinema-appTests.xctest */ = {isa = PBXFileReference; explicitFileType = wrapper.cfbundle; includeInIndex = 0; path = "cinema-appTests.xctest"; sourceTree = BUILT_PRODUCTS_DIR; };
		494C91A628EE555900CD747B /* cinema_appTests.swift */ = {isa = PBXFileReference; lastKnownFileType = sourcecode.swift; path = cinema_appTests.swift; sourceTree = "<group>"; };
		494C91AC28EE555900CD747B /* cinema-appUITests.xctest */ = {isa = PBXFileReference; explicitFileType = wrapper.cfbundle; includeInIndex = 0; path = "cinema-appUITests.xctest"; sourceTree = BUILT_PRODUCTS_DIR; };
		494C91B028EE555900CD747B /* cinema_appUITests.swift */ = {isa = PBXFileReference; lastKnownFileType = sourcecode.swift; path = cinema_appUITests.swift; sourceTree = "<group>"; };
		494C91B228EE555900CD747B /* cinema_appUITestsLaunchTests.swift */ = {isa = PBXFileReference; lastKnownFileType = sourcecode.swift; path = cinema_appUITestsLaunchTests.swift; sourceTree = "<group>"; };
		49E873D82908F1D700233AB4 /* CollectionViewTableViewCell.swift */ = {isa = PBXFileReference; lastKnownFileType = sourcecode.swift; path = CollectionViewTableViewCell.swift; sourceTree = "<group>"; };
		49E873DA2908F46900233AB4 /* ForYouFooterView.swift */ = {isa = PBXFileReference; lastKnownFileType = sourcecode.swift; path = ForYouFooterView.swift; sourceTree = "<group>"; };
		49E873DE2908FC1E00233AB4 /* UIViewExtension.swift */ = {isa = PBXFileReference; lastKnownFileType = sourcecode.swift; path = UIViewExtension.swift; sourceTree = "<group>"; };
		49F379192909877E0013F182 /* FooterView.xib */ = {isa = PBXFileReference; lastKnownFileType = file.xib; path = FooterView.xib; sourceTree = "<group>"; };
/* End PBXFileReference section */

/* Begin PBXFrameworksBuildPhase section */
		494C918928EE555600CD747B /* Frameworks */ = {
			isa = PBXFrameworksBuildPhase;
			buildActionMask = 2147483647;
			files = (
				4908F7A629141D7B00C1E85E /* SDWebImageMapKit in Frameworks */,
				4908F7A429141D7B00C1E85E /* SDWebImage in Frameworks */,
			);
			runOnlyForDeploymentPostprocessing = 0;
		};
		494C919F28EE555900CD747B /* Frameworks */ = {
			isa = PBXFrameworksBuildPhase;
			buildActionMask = 2147483647;
			files = (
			);
			runOnlyForDeploymentPostprocessing = 0;
		};
		494C91A928EE555900CD747B /* Frameworks */ = {
			isa = PBXFrameworksBuildPhase;
			buildActionMask = 2147483647;
			files = (
			);
			runOnlyForDeploymentPostprocessing = 0;
		};
/* End PBXFrameworksBuildPhase section */

/* Begin PBXGroup section */
		4908F7A72914746D00C1E85E /* Networking */ = {
			isa = PBXGroup;
			children = (
				4908F7A82914748400C1E85E /* APICaller.swift */,
			);
			path = Networking;
			sourceTree = "<group>";
		};
		4908F7AA291475A600C1E85E /* Resources */ = {
			isa = PBXGroup;
			children = (
				4908F7A72914746D00C1E85E /* Networking */,
				4908F7AB291475D200C1E85E /* APIKeyable.swift */,
			);
			path = Resources;
			sourceTree = "<group>";
		};
		4925AEE328EFBB5D00038908 /* View */ = {
			isa = PBXGroup;
			children = (
				49E873D72908EE9A00233AB4 /* Elements */,
				4925AEE628EFBEB500038908 /* Storyboard */,
				494C919328EE555600CD747B /* HomeViewController.swift */,
			);
			path = View;
			sourceTree = "<group>";
		};
		4925AEE428EFBB6500038908 /* Model */ = {
			isa = PBXGroup;
			children = (
				4908F7AA291475A600C1E85E /* Resources */,
				4908F7B129147B8800C1E85E /* CategoryResponse.swift */,
			);
			path = Model;
			sourceTree = "<group>";
		};
		4925AEE528EFBB6F00038908 /* ViewModel */ = {
			isa = PBXGroup;
			children = (
			);
			path = ViewModel;
			sourceTree = "<group>";
		};
		4925AEE628EFBEB500038908 /* Storyboard */ = {
			isa = PBXGroup;
			children = (
				494C919A28EE555800CD747B /* LaunchScreen.storyboard */,
			);
			path = Storyboard;
			sourceTree = "<group>";
		};
		4925AEE728EFBECF00038908 /* Resources */ = {
			isa = PBXGroup;
			children = (
				494C919828EE555800CD747B /* Assets.xcassets */,
				494C918F28EE555600CD747B /* AppDelegate.swift */,
				494C919128EE555600CD747B /* SceneDelegate.swift */,
			);
			path = Resources;
			sourceTree = "<group>";
		};
		494C918328EE555600CD747B = {
			isa = PBXGroup;
			children = (
				494C918E28EE555600CD747B /* cinema-app */,
				494C91A528EE555900CD747B /* cinema-appTests */,
				494C91AF28EE555900CD747B /* cinema-appUITests */,
				494C918D28EE555600CD747B /* Products */,
			);
			sourceTree = "<group>";
		};
		494C918D28EE555600CD747B /* Products */ = {
			isa = PBXGroup;
			children = (
				494C918C28EE555600CD747B /* cinema-app.app */,
				494C91A228EE555900CD747B /* cinema-appTests.xctest */,
				494C91AC28EE555900CD747B /* cinema-appUITests.xctest */,
			);
			name = Products;
			sourceTree = "<group>";
		};
		494C918E28EE555600CD747B /* cinema-app */ = {
			isa = PBXGroup;
			children = (
				4925AEE428EFBB6500038908 /* Model */,
				4925AEE328EFBB5D00038908 /* View */,
				4925AEE528EFBB6F00038908 /* ViewModel */,
				4925AEE728EFBECF00038908 /* Resources */,
				494C919D28EE555800CD747B /* Info.plist */,
				49E873DE2908FC1E00233AB4 /* UIViewExtension.swift */,
				4908F7AD2914763300C1E85E /* PROD-Keys.plist */,
				4908F7AF2914764B00C1E85E /* DEBUG-Keys.plist */,
			);
			path = "cinema-app";
			sourceTree = "<group>";
		};
		494C91A528EE555900CD747B /* cinema-appTests */ = {
			isa = PBXGroup;
			children = (
				494C91A628EE555900CD747B /* cinema_appTests.swift */,
			);
			path = "cinema-appTests";
			sourceTree = "<group>";
		};
		494C91AF28EE555900CD747B /* cinema-appUITests */ = {
			isa = PBXGroup;
			children = (
				494C91B028EE555900CD747B /* cinema_appUITests.swift */,
				494C91B228EE555900CD747B /* cinema_appUITestsLaunchTests.swift */,
			);
			path = "cinema-appUITests";
			sourceTree = "<group>";
		};
		49E873D72908EE9A00233AB4 /* Elements */ = {
			isa = PBXGroup;
			children = (
				49E873D82908F1D700233AB4 /* CollectionViewTableViewCell.swift */,
				49E873DA2908F46900233AB4 /* ForYouFooterView.swift */,
				49F379192909877E0013F182 /* FooterView.xib */,
			);
			path = Elements;
			sourceTree = "<group>";
		};
/* End PBXGroup section */

/* Begin PBXNativeTarget section */
		494C918B28EE555600CD747B /* cinema-app */ = {
			isa = PBXNativeTarget;
			buildConfigurationList = 494C91B628EE555900CD747B /* Build configuration list for PBXNativeTarget "cinema-app" */;
			buildPhases = (
				494C918828EE555600CD747B /* Sources */,
				494C918928EE555600CD747B /* Frameworks */,
				494C918A28EE555600CD747B /* Resources */,
			);
			buildRules = (
			);
			dependencies = (
			);
			name = "cinema-app";
			packageProductDependencies = (
				4908F7A329141D7B00C1E85E /* SDWebImage */,
				4908F7A529141D7B00C1E85E /* SDWebImageMapKit */,
			);
			productName = "cinema-app";
			productReference = 494C918C28EE555600CD747B /* cinema-app.app */;
			productType = "com.apple.product-type.application";
		};
		494C91A128EE555900CD747B /* cinema-appTests */ = {
			isa = PBXNativeTarget;
			buildConfigurationList = 494C91B928EE555900CD747B /* Build configuration list for PBXNativeTarget "cinema-appTests" */;
			buildPhases = (
				494C919E28EE555900CD747B /* Sources */,
				494C919F28EE555900CD747B /* Frameworks */,
				494C91A028EE555900CD747B /* Resources */,
			);
			buildRules = (
			);
			dependencies = (
				494C91A428EE555900CD747B /* PBXTargetDependency */,
			);
			name = "cinema-appTests";
			productName = "cinema-appTests";
			productReference = 494C91A228EE555900CD747B /* cinema-appTests.xctest */;
			productType = "com.apple.product-type.bundle.unit-test";
		};
		494C91AB28EE555900CD747B /* cinema-appUITests */ = {
			isa = PBXNativeTarget;
			buildConfigurationList = 494C91BC28EE555900CD747B /* Build configuration list for PBXNativeTarget "cinema-appUITests" */;
			buildPhases = (
				494C91A828EE555900CD747B /* Sources */,
				494C91A928EE555900CD747B /* Frameworks */,
				494C91AA28EE555900CD747B /* Resources */,
			);
			buildRules = (
			);
			dependencies = (
				494C91AE28EE555900CD747B /* PBXTargetDependency */,
			);
			name = "cinema-appUITests";
			productName = "cinema-appUITests";
			productReference = 494C91AC28EE555900CD747B /* cinema-appUITests.xctest */;
			productType = "com.apple.product-type.bundle.ui-testing";
		};
/* End PBXNativeTarget section */

/* Begin PBXProject section */
		494C918428EE555600CD747B /* Project object */ = {
			isa = PBXProject;
			attributes = {
				BuildIndependentTargetsInParallel = 1;
				LastSwiftUpdateCheck = 1400;
				LastUpgradeCheck = 1400;
				TargetAttributes = {
					494C918B28EE555600CD747B = {
						CreatedOnToolsVersion = 14.0.1;
					};
					494C91A128EE555900CD747B = {
						CreatedOnToolsVersion = 14.0.1;
						TestTargetID = 494C918B28EE555600CD747B;
					};
					494C91AB28EE555900CD747B = {
						CreatedOnToolsVersion = 14.0.1;
						TestTargetID = 494C918B28EE555600CD747B;
					};
				};
			};
			buildConfigurationList = 494C918728EE555600CD747B /* Build configuration list for PBXProject "cinema-app" */;
			compatibilityVersion = "Xcode 14.0";
			developmentRegion = en;
			hasScannedForEncodings = 0;
			knownRegions = (
				en,
				Base,
			);
			mainGroup = 494C918328EE555600CD747B;
			packageReferences = (
				4908F7A229141D7B00C1E85E /* XCRemoteSwiftPackageReference "SDWebImage" */,
			);
			productRefGroup = 494C918D28EE555600CD747B /* Products */;
			projectDirPath = "";
			projectRoot = "";
			targets = (
				494C918B28EE555600CD747B /* cinema-app */,
				494C91A128EE555900CD747B /* cinema-appTests */,
				494C91AB28EE555900CD747B /* cinema-appUITests */,
			);
		};
/* End PBXProject section */

/* Begin PBXResourcesBuildPhase section */
		494C918A28EE555600CD747B /* Resources */ = {
			isa = PBXResourcesBuildPhase;
			buildActionMask = 2147483647;
			files = (
				494C919C28EE555800CD747B /* LaunchScreen.storyboard in Resources */,
				49F3791A2909877E0013F182 /* FooterView.xib in Resources */,
				4908F7B02914764B00C1E85E /* DEBUG-Keys.plist in Resources */,
				494C919928EE555800CD747B /* Assets.xcassets in Resources */,
				4908F7AE2914763300C1E85E /* PROD-Keys.plist in Resources */,
			);
			runOnlyForDeploymentPostprocessing = 0;
		};
		494C91A028EE555900CD747B /* Resources */ = {
			isa = PBXResourcesBuildPhase;
			buildActionMask = 2147483647;
			files = (
			);
			runOnlyForDeploymentPostprocessing = 0;
		};
		494C91AA28EE555900CD747B /* Resources */ = {
			isa = PBXResourcesBuildPhase;
			buildActionMask = 2147483647;
			files = (
			);
			runOnlyForDeploymentPostprocessing = 0;
		};
/* End PBXResourcesBuildPhase section */

/* Begin PBXSourcesBuildPhase section */
		494C918828EE555600CD747B /* Sources */ = {
			isa = PBXSourcesBuildPhase;
			buildActionMask = 2147483647;
			files = (
				49E873DF2908FC1E00233AB4 /* UIViewExtension.swift in Sources */,
				494C919428EE555600CD747B /* HomeViewController.swift in Sources */,
				4908F7AC291475D200C1E85E /* APIKeyable.swift in Sources */,
				494C919028EE555600CD747B /* AppDelegate.swift in Sources */,
				4908F7A92914748400C1E85E /* APICaller.swift in Sources */,
				49E873DC2908F46900233AB4 /* ForYouFooterView.swift in Sources */,
				494C919228EE555600CD747B /* SceneDelegate.swift in Sources */,
				49E873D92908F1D700233AB4 /* CollectionViewTableViewCell.swift in Sources */,
				4908F7B229147B8800C1E85E /* CategoryResponse.swift in Sources */,
			);
			runOnlyForDeploymentPostprocessing = 0;
		};
		494C919E28EE555900CD747B /* Sources */ = {
			isa = PBXSourcesBuildPhase;
			buildActionMask = 2147483647;
			files = (
				494C91A728EE555900CD747B /* cinema_appTests.swift in Sources */,
			);
			runOnlyForDeploymentPostprocessing = 0;
		};
		494C91A828EE555900CD747B /* Sources */ = {
			isa = PBXSourcesBuildPhase;
			buildActionMask = 2147483647;
			files = (
				494C91B128EE555900CD747B /* cinema_appUITests.swift in Sources */,
				494C91B328EE555900CD747B /* cinema_appUITestsLaunchTests.swift in Sources */,
			);
			runOnlyForDeploymentPostprocessing = 0;
		};
/* End PBXSourcesBuildPhase section */

/* Begin PBXTargetDependency section */
		494C91A428EE555900CD747B /* PBXTargetDependency */ = {
			isa = PBXTargetDependency;
			target = 494C918B28EE555600CD747B /* cinema-app */;
			targetProxy = 494C91A328EE555900CD747B /* PBXContainerItemProxy */;
		};
		494C91AE28EE555900CD747B /* PBXTargetDependency */ = {
			isa = PBXTargetDependency;
			target = 494C918B28EE555600CD747B /* cinema-app */;
			targetProxy = 494C91AD28EE555900CD747B /* PBXContainerItemProxy */;
		};
/* End PBXTargetDependency section */

/* Begin PBXVariantGroup section */
		494C919A28EE555800CD747B /* LaunchScreen.storyboard */ = {
			isa = PBXVariantGroup;
			children = (
				494C919B28EE555800CD747B /* Base */,
			);
			name = LaunchScreen.storyboard;
			sourceTree = "<group>";
		};
/* End PBXVariantGroup section */

/* Begin XCBuildConfiguration section */
		494C91B428EE555900CD747B /* Debug */ = {
			isa = XCBuildConfiguration;
			buildSettings = {
				ALWAYS_SEARCH_USER_PATHS = NO;
				CLANG_ANALYZER_NONNULL = YES;
				CLANG_ANALYZER_NUMBER_OBJECT_CONVERSION = YES_AGGRESSIVE;
				CLANG_CXX_LANGUAGE_STANDARD = "gnu++20";
				CLANG_ENABLE_MODULES = YES;
				CLANG_ENABLE_OBJC_ARC = YES;
				CLANG_ENABLE_OBJC_WEAK = YES;
				CLANG_WARN_BLOCK_CAPTURE_AUTORELEASING = YES;
				CLANG_WARN_BOOL_CONVERSION = YES;
				CLANG_WARN_COMMA = YES;
				CLANG_WARN_CONSTANT_CONVERSION = YES;
				CLANG_WARN_DEPRECATED_OBJC_IMPLEMENTATIONS = YES;
				CLANG_WARN_DIRECT_OBJC_ISA_USAGE = YES_ERROR;
				CLANG_WARN_DOCUMENTATION_COMMENTS = YES;
				CLANG_WARN_EMPTY_BODY = YES;
				CLANG_WARN_ENUM_CONVERSION = YES;
				CLANG_WARN_INFINITE_RECURSION = YES;
				CLANG_WARN_INT_CONVERSION = YES;
				CLANG_WARN_NON_LITERAL_NULL_CONVERSION = YES;
				CLANG_WARN_OBJC_IMPLICIT_RETAIN_SELF = YES;
				CLANG_WARN_OBJC_LITERAL_CONVERSION = YES;
				CLANG_WARN_OBJC_ROOT_CLASS = YES_ERROR;
				CLANG_WARN_QUOTED_INCLUDE_IN_FRAMEWORK_HEADER = YES;
				CLANG_WARN_RANGE_LOOP_ANALYSIS = YES;
				CLANG_WARN_STRICT_PROTOTYPES = YES;
				CLANG_WARN_SUSPICIOUS_MOVE = YES;
				CLANG_WARN_UNGUARDED_AVAILABILITY = YES_AGGRESSIVE;
				CLANG_WARN_UNREACHABLE_CODE = YES;
				CLANG_WARN__DUPLICATE_METHOD_MATCH = YES;
				COPY_PHASE_STRIP = NO;
				DEBUG_INFORMATION_FORMAT = dwarf;
				ENABLE_STRICT_OBJC_MSGSEND = YES;
				ENABLE_TESTABILITY = YES;
				GCC_C_LANGUAGE_STANDARD = gnu11;
				GCC_DYNAMIC_NO_PIC = NO;
				GCC_NO_COMMON_BLOCKS = YES;
				GCC_OPTIMIZATION_LEVEL = 0;
				GCC_PREPROCESSOR_DEFINITIONS = (
					"DEBUG=1",
					"$(inherited)",
				);
				GCC_WARN_64_TO_32_BIT_CONVERSION = YES;
				GCC_WARN_ABOUT_RETURN_TYPE = YES_ERROR;
				GCC_WARN_UNDECLARED_SELECTOR = YES;
				GCC_WARN_UNINITIALIZED_AUTOS = YES_AGGRESSIVE;
				GCC_WARN_UNUSED_FUNCTION = YES;
				GCC_WARN_UNUSED_VARIABLE = YES;
				IPHONEOS_DEPLOYMENT_TARGET = 16.0;
				MTL_ENABLE_DEBUG_INFO = INCLUDE_SOURCE;
				MTL_FAST_MATH = YES;
				ONLY_ACTIVE_ARCH = YES;
				SDKROOT = iphoneos;
				SWIFT_ACTIVE_COMPILATION_CONDITIONS = DEBUG;
				SWIFT_OPTIMIZATION_LEVEL = "-Onone";
			};
			name = Debug;
		};
		494C91B528EE555900CD747B /* Release */ = {
			isa = XCBuildConfiguration;
			buildSettings = {
				ALWAYS_SEARCH_USER_PATHS = NO;
				CLANG_ANALYZER_NONNULL = YES;
				CLANG_ANALYZER_NUMBER_OBJECT_CONVERSION = YES_AGGRESSIVE;
				CLANG_CXX_LANGUAGE_STANDARD = "gnu++20";
				CLANG_ENABLE_MODULES = YES;
				CLANG_ENABLE_OBJC_ARC = YES;
				CLANG_ENABLE_OBJC_WEAK = YES;
				CLANG_WARN_BLOCK_CAPTURE_AUTORELEASING = YES;
				CLANG_WARN_BOOL_CONVERSION = YES;
				CLANG_WARN_COMMA = YES;
				CLANG_WARN_CONSTANT_CONVERSION = YES;
				CLANG_WARN_DEPRECATED_OBJC_IMPLEMENTATIONS = YES;
				CLANG_WARN_DIRECT_OBJC_ISA_USAGE = YES_ERROR;
				CLANG_WARN_DOCUMENTATION_COMMENTS = YES;
				CLANG_WARN_EMPTY_BODY = YES;
				CLANG_WARN_ENUM_CONVERSION = YES;
				CLANG_WARN_INFINITE_RECURSION = YES;
				CLANG_WARN_INT_CONVERSION = YES;
				CLANG_WARN_NON_LITERAL_NULL_CONVERSION = YES;
				CLANG_WARN_OBJC_IMPLICIT_RETAIN_SELF = YES;
				CLANG_WARN_OBJC_LITERAL_CONVERSION = YES;
				CLANG_WARN_OBJC_ROOT_CLASS = YES_ERROR;
				CLANG_WARN_QUOTED_INCLUDE_IN_FRAMEWORK_HEADER = YES;
				CLANG_WARN_RANGE_LOOP_ANALYSIS = YES;
				CLANG_WARN_STRICT_PROTOTYPES = YES;
				CLANG_WARN_SUSPICIOUS_MOVE = YES;
				CLANG_WARN_UNGUARDED_AVAILABILITY = YES_AGGRESSIVE;
				CLANG_WARN_UNREACHABLE_CODE = YES;
				CLANG_WARN__DUPLICATE_METHOD_MATCH = YES;
				COPY_PHASE_STRIP = NO;
				DEBUG_INFORMATION_FORMAT = "dwarf-with-dsym";
				ENABLE_NS_ASSERTIONS = NO;
				ENABLE_STRICT_OBJC_MSGSEND = YES;
				GCC_C_LANGUAGE_STANDARD = gnu11;
				GCC_NO_COMMON_BLOCKS = YES;
				GCC_WARN_64_TO_32_BIT_CONVERSION = YES;
				GCC_WARN_ABOUT_RETURN_TYPE = YES_ERROR;
				GCC_WARN_UNDECLARED_SELECTOR = YES;
				GCC_WARN_UNINITIALIZED_AUTOS = YES_AGGRESSIVE;
				GCC_WARN_UNUSED_FUNCTION = YES;
				GCC_WARN_UNUSED_VARIABLE = YES;
				IPHONEOS_DEPLOYMENT_TARGET = 16.0;
				MTL_ENABLE_DEBUG_INFO = NO;
				MTL_FAST_MATH = YES;
				SDKROOT = iphoneos;
				SWIFT_COMPILATION_MODE = wholemodule;
				SWIFT_OPTIMIZATION_LEVEL = "-O";
				VALIDATE_PRODUCT = YES;
			};
			name = Release;
		};
		494C91B728EE555900CD747B /* Debug */ = {
			isa = XCBuildConfiguration;
			buildSettings = {
				ASSETCATALOG_COMPILER_APPICON_NAME = AppIcon;
				ASSETCATALOG_COMPILER_GLOBAL_ACCENT_COLOR_NAME = AccentColor;
				CODE_SIGN_STYLE = Automatic;
				CURRENT_PROJECT_VERSION = 1;
				DEVELOPMENT_TEAM = Q2QYHM75HH;
				GENERATE_INFOPLIST_FILE = YES;
				INFOPLIST_FILE = "cinema-app/Info.plist";
				INFOPLIST_KEY_UIApplicationSupportsIndirectInputEvents = YES;
				INFOPLIST_KEY_UILaunchStoryboardName = LaunchScreen;
				INFOPLIST_KEY_UISupportedInterfaceOrientations_iPad = "UIInterfaceOrientationPortrait UIInterfaceOrientationPortraitUpsideDown UIInterfaceOrientationLandscapeLeft UIInterfaceOrientationLandscapeRight";
				INFOPLIST_KEY_UISupportedInterfaceOrientations_iPhone = "UIInterfaceOrientationPortrait UIInterfaceOrientationLandscapeLeft UIInterfaceOrientationLandscapeRight";
				LD_RUNPATH_SEARCH_PATHS = (
					"$(inherited)",
					"@executable_path/Frameworks",
				);
				MARKETING_VERSION = 1.0;
				PRODUCT_BUNDLE_IDENTIFIER = "com.fabriziopastor.cinema-app";
				PRODUCT_NAME = "$(TARGET_NAME)";
				SWIFT_EMIT_LOC_STRINGS = YES;
				SWIFT_VERSION = 5.0;
				TARGETED_DEVICE_FAMILY = "1,2";
			};
			name = Debug;
		};
		494C91B828EE555900CD747B /* Release */ = {
			isa = XCBuildConfiguration;
			buildSettings = {
				ASSETCATALOG_COMPILER_APPICON_NAME = AppIcon;
				ASSETCATALOG_COMPILER_GLOBAL_ACCENT_COLOR_NAME = AccentColor;
				CODE_SIGN_STYLE = Automatic;
				CURRENT_PROJECT_VERSION = 1;
				DEVELOPMENT_TEAM = Q2QYHM75HH;
				GENERATE_INFOPLIST_FILE = YES;
				INFOPLIST_FILE = "cinema-app/Info.plist";
				INFOPLIST_KEY_UIApplicationSupportsIndirectInputEvents = YES;
				INFOPLIST_KEY_UILaunchStoryboardName = LaunchScreen;
				INFOPLIST_KEY_UISupportedInterfaceOrientations_iPad = "UIInterfaceOrientationPortrait UIInterfaceOrientationPortraitUpsideDown UIInterfaceOrientationLandscapeLeft UIInterfaceOrientationLandscapeRight";
				INFOPLIST_KEY_UISupportedInterfaceOrientations_iPhone = "UIInterfaceOrientationPortrait UIInterfaceOrientationLandscapeLeft UIInterfaceOrientationLandscapeRight";
				LD_RUNPATH_SEARCH_PATHS = (
					"$(inherited)",
					"@executable_path/Frameworks",
				);
				MARKETING_VERSION = 1.0;
				PRODUCT_BUNDLE_IDENTIFIER = "com.fabriziopastor.cinema-app";
				PRODUCT_NAME = "$(TARGET_NAME)";
				SWIFT_EMIT_LOC_STRINGS = YES;
				SWIFT_VERSION = 5.0;
				TARGETED_DEVICE_FAMILY = "1,2";
			};
			name = Release;
		};
		494C91BA28EE555900CD747B /* Debug */ = {
			isa = XCBuildConfiguration;
			buildSettings = {
				ALWAYS_EMBED_SWIFT_STANDARD_LIBRARIES = YES;
				BUNDLE_LOADER = "$(TEST_HOST)";
				CODE_SIGN_STYLE = Automatic;
				CURRENT_PROJECT_VERSION = 1;
				DEVELOPMENT_TEAM = Q2QYHM75HH;
				GENERATE_INFOPLIST_FILE = YES;
				IPHONEOS_DEPLOYMENT_TARGET = 16.0;
				MARKETING_VERSION = 1.0;
				PRODUCT_BUNDLE_IDENTIFIER = "com.fabriziopastor.cinema-appTests";
				PRODUCT_NAME = "$(TARGET_NAME)";
				SWIFT_EMIT_LOC_STRINGS = NO;
				SWIFT_VERSION = 5.0;
				TARGETED_DEVICE_FAMILY = "1,2";
				TEST_HOST = "$(BUILT_PRODUCTS_DIR)/cinema-app.app/$(BUNDLE_EXECUTABLE_FOLDER_PATH)/cinema-app";
			};
			name = Debug;
		};
		494C91BB28EE555900CD747B /* Release */ = {
			isa = XCBuildConfiguration;
			buildSettings = {
				ALWAYS_EMBED_SWIFT_STANDARD_LIBRARIES = YES;
				BUNDLE_LOADER = "$(TEST_HOST)";
				CODE_SIGN_STYLE = Automatic;
				CURRENT_PROJECT_VERSION = 1;
				DEVELOPMENT_TEAM = Q2QYHM75HH;
				GENERATE_INFOPLIST_FILE = YES;
				IPHONEOS_DEPLOYMENT_TARGET = 16.0;
				MARKETING_VERSION = 1.0;
				PRODUCT_BUNDLE_IDENTIFIER = "com.fabriziopastor.cinema-appTests";
				PRODUCT_NAME = "$(TARGET_NAME)";
				SWIFT_EMIT_LOC_STRINGS = NO;
				SWIFT_VERSION = 5.0;
				TARGETED_DEVICE_FAMILY = "1,2";
				TEST_HOST = "$(BUILT_PRODUCTS_DIR)/cinema-app.app/$(BUNDLE_EXECUTABLE_FOLDER_PATH)/cinema-app";
			};
			name = Release;
		};
		494C91BD28EE555900CD747B /* Debug */ = {
			isa = XCBuildConfiguration;
			buildSettings = {
				ALWAYS_EMBED_SWIFT_STANDARD_LIBRARIES = YES;
				CODE_SIGN_STYLE = Automatic;
				CURRENT_PROJECT_VERSION = 1;
				DEVELOPMENT_TEAM = Q2QYHM75HH;
				GENERATE_INFOPLIST_FILE = YES;
				MARKETING_VERSION = 1.0;
				PRODUCT_BUNDLE_IDENTIFIER = "com.fabriziopastor.cinema-appUITests";
				PRODUCT_NAME = "$(TARGET_NAME)";
				SWIFT_EMIT_LOC_STRINGS = NO;
				SWIFT_VERSION = 5.0;
				TARGETED_DEVICE_FAMILY = "1,2";
				TEST_TARGET_NAME = "cinema-app";
			};
			name = Debug;
		};
		494C91BE28EE555900CD747B /* Release */ = {
			isa = XCBuildConfiguration;
			buildSettings = {
				ALWAYS_EMBED_SWIFT_STANDARD_LIBRARIES = YES;
				CODE_SIGN_STYLE = Automatic;
				CURRENT_PROJECT_VERSION = 1;
				DEVELOPMENT_TEAM = Q2QYHM75HH;
				GENERATE_INFOPLIST_FILE = YES;
				MARKETING_VERSION = 1.0;
				PRODUCT_BUNDLE_IDENTIFIER = "com.fabriziopastor.cinema-appUITests";
				PRODUCT_NAME = "$(TARGET_NAME)";
				SWIFT_EMIT_LOC_STRINGS = NO;
				SWIFT_VERSION = 5.0;
				TARGETED_DEVICE_FAMILY = "1,2";
				TEST_TARGET_NAME = "cinema-app";
			};
			name = Release;
		};
/* End XCBuildConfiguration section */

/* Begin XCConfigurationList section */
		494C918728EE555600CD747B /* Build configuration list for PBXProject "cinema-app" */ = {
			isa = XCConfigurationList;
			buildConfigurations = (
				494C91B428EE555900CD747B /* Debug */,
				494C91B528EE555900CD747B /* Release */,
			);
			defaultConfigurationIsVisible = 0;
			defaultConfigurationName = Release;
		};
		494C91B628EE555900CD747B /* Build configuration list for PBXNativeTarget "cinema-app" */ = {
			isa = XCConfigurationList;
			buildConfigurations = (
				494C91B728EE555900CD747B /* Debug */,
				494C91B828EE555900CD747B /* Release */,
			);
			defaultConfigurationIsVisible = 0;
			defaultConfigurationName = Release;
		};
		494C91B928EE555900CD747B /* Build configuration list for PBXNativeTarget "cinema-appTests" */ = {
			isa = XCConfigurationList;
			buildConfigurations = (
				494C91BA28EE555900CD747B /* Debug */,
				494C91BB28EE555900CD747B /* Release */,
			);
			defaultConfigurationIsVisible = 0;
			defaultConfigurationName = Release;
		};
		494C91BC28EE555900CD747B /* Build configuration list for PBXNativeTarget "cinema-appUITests" */ = {
			isa = XCConfigurationList;
			buildConfigurations = (
				494C91BD28EE555900CD747B /* Debug */,
				494C91BE28EE555900CD747B /* Release */,
			);
			defaultConfigurationIsVisible = 0;
			defaultConfigurationName = Release;
		};
/* End XCConfigurationList section */

/* Begin XCRemoteSwiftPackageReference section */
		4908F7A229141D7B00C1E85E /* XCRemoteSwiftPackageReference "SDWebImage" */ = {
			isa = XCRemoteSwiftPackageReference;
			repositoryURL = "https://github.com/SDWebImage/SDWebImage.git";
			requirement = {
				branch = master;
				kind = branch;
			};
		};
/* End XCRemoteSwiftPackageReference section */

/* Begin XCSwiftPackageProductDependency section */
		4908F7A329141D7B00C1E85E /* SDWebImage */ = {
			isa = XCSwiftPackageProductDependency;
			package = 4908F7A229141D7B00C1E85E /* XCRemoteSwiftPackageReference "SDWebImage" */;
			productName = SDWebImage;
		};
		4908F7A529141D7B00C1E85E /* SDWebImageMapKit */ = {
			isa = XCSwiftPackageProductDependency;
			package = 4908F7A229141D7B00C1E85E /* XCRemoteSwiftPackageReference "SDWebImage" */;
			productName = SDWebImageMapKit;
		};
/* End XCSwiftPackageProductDependency section */
	};
	rootObject = 494C918428EE555600CD747B /* Project object */;
}
